# This file is automatically @generated by Poetry 2.1.1 and should not be changed by hand.

[[package]]
name = "antlr4-python3-runtime"
version = "4.13.2"
description = "ANTLR 4.13.2 runtime for Python 3"
optional = false
python-versions = "*"
groups = ["main"]
files = [
    {file = "antlr4_python3_runtime-4.13.2-py3-none-any.whl", hash = "sha256:fe3835eb8d33daece0e799090eda89719dbccee7aa39ef94eed3818cafa5a7e8"},
    {file = "antlr4_python3_runtime-4.13.2.tar.gz", hash = "sha256:909b647e1d2fc2b70180ac586df3933e38919c85f98ccc656a96cd3f25ef3916"},
]

[[package]]
name = "antlr4-tools"
version = "0.2.1"
description = "Tools to run ANTLR4 tool and grammar interpreter/profiler"
optional = false
python-versions = "*"
groups = ["main"]
files = [
    {file = "antlr4-tools-0.2.1.tar.gz", hash = "sha256:eabad95c7d6b2e15b9875f630e6695395f90ed557721aeef7844d5821ac1ca6a"},
    {file = "antlr4_tools-0.2.1-py3-none-any.whl", hash = "sha256:71bfe6d5f856cbf69e69c4ad1750eb8f2c84e72b07780efabced6a8e5194f2e4"},
]

[package.dependencies]
install-jdk = "*"

[[package]]
name = "install-jdk"
version = "0.3.0"
description = "Installs AdoptOpenJDK Java"
optional = false
python-versions = ">=3.6"
groups = ["main"]
files = [
    {file = "install-jdk-0.3.0.tar.gz", hash = "sha256:889965b0af68bb4669166804f33d5dce9cd6cf57f02a045e427e508998d569a1"},
]

[[package]]
name = "neo4j"
version = "5.28.1"
description = "Neo4j Bolt driver for Python"
optional = false
python-versions = ">=3.7"
groups = ["main"]
files = [
    {file = "neo4j-5.28.1-py3-none-any.whl", hash = "sha256:6755ef9e5f4e14b403aef1138fb6315b120631a0075c138b5ddb2a06b87b09fd"},
    {file = "neo4j-5.28.1.tar.gz", hash = "sha256:ae8e37a1d895099062c75bc359b2cce62099baac7be768d0eba7180c1298e214"},
]

[package.dependencies]
pytz = "*"

[package.extras]
numpy = ["numpy (>=1.7.0,<3.0.0)"]
pandas = ["numpy (>=1.7.0,<3.0.0)", "pandas (>=1.1.0,<3.0.0)"]
pyarrow = ["pyarrow (>=1.0.0)"]

[[package]]
name = "pytz"
version = "2025.1"
description = "World timezone definitions, modern and historical"
optional = false
python-versions = "*"
groups = ["main"]
files = [
    {file = "pytz-2025.1-py2.py3-none-any.whl", hash = "sha256:89dd22dca55b46eac6eda23b2d72721bf1bdfef212645d81513ef5d03038de57"},
    {file = "pytz-2025.1.tar.gz", hash = "sha256:c2db42be2a2518b28e65f9207c4d05e6ff547d1efa4086469ef855e4ab70178e"},
]

[metadata]
lock-version = "2.1"
python-versions = ">=3.12"
content-hash = "ed50ea7e1b507112b34496390f93ae24c84918bbe1b33fb591375dde71307641"
